// !$*UTF8*$!
{
	archiveVersion = 1;
	classes = {
	};
	objectVersion = 50;
	objects = {

/* Begin PBXBuildFile section */
		DE6FDD762076246400BB664B /* AppDelegate.swift in Sources */ = {isa = PBXBuildFile; fileRef = DE6FDD752076246400BB664B /* AppDelegate.swift */; };
		DE6FDD7A2076246400BB664B /* Actions.sks in Resources */ = {isa = PBXBuildFile; fileRef = DE6FDD792076246400BB664B /* Actions.sks */; };
		DE6FDD7E2076246400BB664B /* GameViewController.swift in Sources */ = {isa = PBXBuildFile; fileRef = DE6FDD7D2076246400BB664B /* GameViewController.swift */; };
		DE6FDD812076246400BB664B /* Main.storyboard in Resources */ = {isa = PBXBuildFile; fileRef = DE6FDD7F2076246400BB664B /* Main.storyboard */; };
		DE6FDD832076246500BB664B /* Assets.xcassets in Resources */ = {isa = PBXBuildFile; fileRef = DE6FDD822076246500BB664B /* Assets.xcassets */; };
		DE6FDD862076246500BB664B /* LaunchScreen.storyboard in Resources */ = {isa = PBXBuildFile; fileRef = DE6FDD842076246500BB664B /* LaunchScreen.storyboard */; };
		DE6FDD93207624B500BB664B /* Petra_3.png in Resources */ = {isa = PBXBuildFile; fileRef = DE6FDD90207624B500BB664B /* Petra_3.png */; };
		DE6FDD94207624B500BB664B /* Petra_1.png in Resources */ = {isa = PBXBuildFile; fileRef = DE6FDD91207624B500BB664B /* Petra_1.png */; };
		DE6FDD95207624B500BB664B /* Petra_2.png in Resources */ = {isa = PBXBuildFile; fileRef = DE6FDD92207624B500BB664B /* Petra_2.png */; };
		DE6FDD97207624E900BB664B /* MainMenu.sks in Resources */ = {isa = PBXBuildFile; fileRef = DE6FDD96207624E900BB664B /* MainMenu.sks */; };
		DE6FDD99207624F700BB664B /* MainMenuScene.swift in Sources */ = {isa = PBXBuildFile; fileRef = DE6FDD98207624F700BB664B /* MainMenuScene.swift */; };
		DED8BBE2207674A70036635B /* Information.sks in Resources */ = {isa = PBXBuildFile; fileRef = DED8BBE1207674A70036635B /* Information.sks */; };
		DED8BBE4207674BA0036635B /* InformationScene.swift in Sources */ = {isa = PBXBuildFile; fileRef = DED8BBE3207674BA0036635B /* InformationScene.swift */; };
		DED8BBE6207677AE0036635B /* Customiser.sks in Resources */ = {isa = PBXBuildFile; fileRef = DED8BBE5207677AE0036635B /* Customiser.sks */; };
		DED8BBE8207677BC0036635B /* CustomiserScene.swift in Sources */ = {isa = PBXBuildFile; fileRef = DED8BBE7207677BC0036635B /* CustomiserScene.swift */; };
		DED8BBEA207678530036635B /* Gameplay.sks in Resources */ = {isa = PBXBuildFile; fileRef = DED8BBE9207678530036635B /* Gameplay.sks */; };
		DED8BBEC207678610036635B /* GameplayScene.swift in Sources */ = {isa = PBXBuildFile; fileRef = DED8BBEB207678610036635B /* GameplayScene.swift */; };
		DED8BBEE2077E3120036635B /* Petra_1_red.png in Resources */ = {isa = PBXBuildFile; fileRef = DED8BBED2077E3120036635B /* Petra_1_red.png */; };
		DED8BBF02077E60F0036635B /* Petra_1_yellow.png in Resources */ = {isa = PBXBuildFile; fileRef = DED8BBEF2077E60F0036635B /* Petra_1_yellow.png */; };
		DED8BBF22077E74E0036635B /* Petra_1_purple.png in Resources */ = {isa = PBXBuildFile; fileRef = DED8BBF12077E74E0036635B /* Petra_1_purple.png */; };
		DED8BBF42077F35A0036635B /* GameOver.sks in Resources */ = {isa = PBXBuildFile; fileRef = DED8BBF32077F35A0036635B /* GameOver.sks */; };
		DED8BBF62077F3750036635B /* GameOverScene.swift in Sources */ = {isa = PBXBuildFile; fileRef = DED8BBF52077F3750036635B /* GameOverScene.swift */; };
		DED8BBF92078157B0036635B /* Petra_2_red.png in Resources */ = {isa = PBXBuildFile; fileRef = DED8BBF72078157B0036635B /* Petra_2_red.png */; };
		DED8BBFA2078157B0036635B /* Petra_3_red.png in Resources */ = {isa = PBXBuildFile; fileRef = DED8BBF82078157B0036635B /* Petra_3_red.png */; };
		DED8BBFD207818E10036635B /* Petra_3_yellow.png in Resources */ = {isa = PBXBuildFile; fileRef = DED8BBFB207818E10036635B /* Petra_3_yellow.png */; };
		DED8BBFE207818E10036635B /* Petra_2_yellow.png in Resources */ = {isa = PBXBuildFile; fileRef = DED8BBFC207818E10036635B /* Petra_2_yellow.png */; };
		DED8BC0120781BAD0036635B /* Petra_3_purple.png in Resources */ = {isa = PBXBuildFile; fileRef = DED8BBFF20781BAD0036635B /* Petra_3_purple.png */; };
		DED8BC0220781BAD0036635B /* Petra_2_purple.png in Resources */ = {isa = PBXBuildFile; fileRef = DED8BC0020781BAD0036635B /* Petra_2_purple.png */; };
/* End PBXBuildFile section */

/* Begin PBXFileReference section */
		DE6FDD722076246400BB664B /* Petra The Game.app */ = {isa = PBXFileReference; explicitFileType = wrapper.application; includeInIndex = 0; path = "Petra The Game.app"; sourceTree = BUILT_PRODUCTS_DIR; };
		DE6FDD752076246400BB664B /* AppDelegate.swift */ = {isa = PBXFileReference; lastKnownFileType = sourcecode.swift; path = AppDelegate.swift; sourceTree = "<group>"; };
		DE6FDD792076246400BB664B /* Actions.sks */ = {isa = PBXFileReference; lastKnownFileType = file.sks; path = Actions.sks; sourceTree = "<group>"; };
		DE6FDD7D2076246400BB664B /* GameViewController.swift */ = {isa = PBXFileReference; lastKnownFileType = sourcecode.swift; path = GameViewController.swift; sourceTree = "<group>"; };
		DE6FDD802076246400BB664B /* Base */ = {isa = PBXFileReference; lastKnownFileType = file.storyboard; name = Base; path = Base.lproj/Main.storyboard; sourceTree = "<group>"; };
		DE6FDD822076246500BB664B /* Assets.xcassets */ = {isa = PBXFileReference; lastKnownFileType = folder.assetcatalog; path = Assets.xcassets; sourceTree = "<group>"; };
		DE6FDD852076246500BB664B /* Base */ = {isa = PBXFileReference; lastKnownFileType = file.storyboard; name = Base; path = Base.lproj/LaunchScreen.storyboard; sourceTree = "<group>"; };
		DE6FDD872076246500BB664B /* Info.plist */ = {isa = PBXFileReference; lastKnownFileType = text.plist.xml; path = Info.plist; sourceTree = "<group>"; };
		DE6FDD90207624B500BB664B /* Petra_3.png */ = {isa = PBXFileReference; lastKnownFileType = image.png; path = Petra_3.png; sourceTree = "<group>"; };
		DE6FDD91207624B500BB664B /* Petra_1.png */ = {isa = PBXFileReference; lastKnownFileType = image.png; path = Petra_1.png; sourceTree = "<group>"; };
		DE6FDD92207624B500BB664B /* Petra_2.png */ = {isa = PBXFileReference; lastKnownFileType = image.png; path = Petra_2.png; sourceTree = "<group>"; };
		DE6FDD96207624E900BB664B /* MainMenu.sks */ = {isa = PBXFileReference; lastKnownFileType = file.sks; path = MainMenu.sks; sourceTree = "<group>"; };
		DE6FDD98207624F700BB664B /* MainMenuScene.swift */ = {isa = PBXFileReference; lastKnownFileType = sourcecode.swift; path = MainMenuScene.swift; sourceTree = "<group>"; };
		DED8BBE1207674A70036635B /* Information.sks */ = {isa = PBXFileReference; lastKnownFileType = file.sks; path = Information.sks; sourceTree = "<group>"; };
		DED8BBE3207674BA0036635B /* InformationScene.swift */ = {isa = PBXFileReference; lastKnownFileType = sourcecode.swift; path = InformationScene.swift; sourceTree = "<group>"; };
		DED8BBE5207677AE0036635B /* Customiser.sks */ = {isa = PBXFileReference; lastKnownFileType = file.sks; path = Customiser.sks; sourceTree = "<group>"; };
		DED8BBE7207677BC0036635B /* CustomiserScene.swift */ = {isa = PBXFileReference; lastKnownFileType = sourcecode.swift; path = CustomiserScene.swift; sourceTree = "<group>"; };
		DED8BBE9207678530036635B /* Gameplay.sks */ = {isa = PBXFileReference; lastKnownFileType = file.sks; path = Gameplay.sks; sourceTree = "<group>"; };
		DED8BBEB207678610036635B /* GameplayScene.swift */ = {isa = PBXFileReference; lastKnownFileType = sourcecode.swift; path = GameplayScene.swift; sourceTree = "<group>"; };
		DED8BBED2077E3120036635B /* Petra_1_red.png */ = {isa = PBXFileReference; lastKnownFileType = image.png; path = Petra_1_red.png; sourceTree = "<group>"; };
		DED8BBEF2077E60F0036635B /* Petra_1_yellow.png */ = {isa = PBXFileReference; lastKnownFileType = image.png; path = Petra_1_yellow.png; sourceTree = "<group>"; };
		DED8BBF12077E74E0036635B /* Petra_1_purple.png */ = {isa = PBXFileReference; lastKnownFileType = image.png; path = Petra_1_purple.png; sourceTree = "<group>"; };
		DED8BBF32077F35A0036635B /* GameOver.sks */ = {isa = PBXFileReference; lastKnownFileType = file.sks; path = GameOver.sks; sourceTree = "<group>"; };
		DED8BBF52077F3750036635B /* GameOverScene.swift */ = {isa = PBXFileReference; lastKnownFileType = sourcecode.swift; path = GameOverScene.swift; sourceTree = "<group>"; };
		DED8BBF72078157B0036635B /* Petra_2_red.png */ = {isa = PBXFileReference; lastKnownFileType = image.png; path = Petra_2_red.png; sourceTree = "<group>"; };
		DED8BBF82078157B0036635B /* Petra_3_red.png */ = {isa = PBXFileReference; lastKnownFileType = image.png; path = Petra_3_red.png; sourceTree = "<group>"; };
		DED8BBFB207818E10036635B /* Petra_3_yellow.png */ = {isa = PBXFileReference; lastKnownFileType = image.png; path = Petra_3_yellow.png; sourceTree = "<group>"; };
		DED8BBFC207818E10036635B /* Petra_2_yellow.png */ = {isa = PBXFileReference; lastKnownFileType = image.png; path = Petra_2_yellow.png; sourceTree = "<group>"; };
		DED8BBFF20781BAD0036635B /* Petra_3_purple.png */ = {isa = PBXFileReference; lastKnownFileType = image.png; path = Petra_3_purple.png; sourceTree = "<group>"; };
		DED8BC0020781BAD0036635B /* Petra_2_purple.png */ = {isa = PBXFileReference; lastKnownFileType = image.png; path = Petra_2_purple.png; sourceTree = "<group>"; };
/* End PBXFileReference section */

/* Begin PBXFrameworksBuildPhase section */
		DE6FDD6F2076246400BB664B /* Frameworks */ = {
			isa = PBXFrameworksBuildPhase;
			buildActionMask = 2147483647;
			files = (
			);
			runOnlyForDeploymentPostprocessing = 0;
		};
/* End PBXFrameworksBuildPhase section */

/* Begin PBXGroup section */
		DE6FDD692076246400BB664B = {
			isa = PBXGroup;
			children = (
				DE6FDD742076246400BB664B /* Petra The Game */,
				DE6FDD732076246400BB664B /* Products */,
			);
			sourceTree = "<group>";
		};
		DE6FDD732076246400BB664B /* Products */ = {
			isa = PBXGroup;
			children = (
				DE6FDD722076246400BB664B /* Petra The Game.app */,
			);
			name = Products;
			sourceTree = "<group>";
		};
		DE6FDD742076246400BB664B /* Petra The Game */ = {
			isa = PBXGroup;
			children = (
				DE6FDD8F207624A300BB664B /* Player.atlas */,
				DE6FDD8E2076249900BB664B /* Scene Classes */,
				DE6FDD8D2076249100BB664B /* Scenes */,
				DE6FDD752076246400BB664B /* AppDelegate.swift */,
				DE6FDD792076246400BB664B /* Actions.sks */,
				DE6FDD7D2076246400BB664B /* GameViewController.swift */,
				DE6FDD7F2076246400BB664B /* Main.storyboard */,
				DE6FDD822076246500BB664B /* Assets.xcassets */,
				DE6FDD842076246500BB664B /* LaunchScreen.storyboard */,
				DE6FDD872076246500BB664B /* Info.plist */,
			);
			path = "Petra The Game";
			sourceTree = "<group>";
		};
		DE6FDD8D2076249100BB664B /* Scenes */ = {
			isa = PBXGroup;
			children = (
				DE6FDD96207624E900BB664B /* MainMenu.sks */,
				DED8BBE1207674A70036635B /* Information.sks */,
				DED8BBE5207677AE0036635B /* Customiser.sks */,
				DED8BBE9207678530036635B /* Gameplay.sks */,
				DED8BBF32077F35A0036635B /* GameOver.sks */,
			);
			path = Scenes;
			sourceTree = "<group>";
		};
		DE6FDD8E2076249900BB664B /* Scene Classes */ = {
			isa = PBXGroup;
			children = (
				DE6FDD98207624F700BB664B /* MainMenuScene.swift */,
				DED8BBE3207674BA0036635B /* InformationScene.swift */,
				DED8BBE7207677BC0036635B /* CustomiserScene.swift */,
				DED8BBEB207678610036635B /* GameplayScene.swift */,
				DED8BBF52077F3750036635B /* GameOverScene.swift */,
			);
			path = "Scene Classes";
			sourceTree = "<group>";
		};
		DE6FDD8F207624A300BB664B /* Player.atlas */ = {
			isa = PBXGroup;
			children = (
				DED8BBED2077E3120036635B /* Petra_1_red.png */,
				DED8BBEF2077E60F0036635B /* Petra_1_yellow.png */,
				DE6FDD91207624B500BB664B /* Petra_1.png */,
				DE6FDD92207624B500BB664B /* Petra_2.png */,
				DED8BBF12077E74E0036635B /* Petra_1_purple.png */,
				DED8BBF72078157B0036635B /* Petra_2_red.png */,
				DED8BBF82078157B0036635B /* Petra_3_red.png */,
				DED8BBFC207818E10036635B /* Petra_2_yellow.png */,
				DED8BBFB207818E10036635B /* Petra_3_yellow.png */,
				DED8BC0020781BAD0036635B /* Petra_2_purple.png */,
				DED8BBFF20781BAD0036635B /* Petra_3_purple.png */,
				DE6FDD90207624B500BB664B /* Petra_3.png */,
			);
			path = Player.atlas;
			sourceTree = "<group>";
		};
/* End PBXGroup section */

/* Begin PBXNativeTarget section */
		DE6FDD712076246400BB664B /* Petra The Game */ = {
			isa = PBXNativeTarget;
			buildConfigurationList = DE6FDD8A2076246500BB664B /* Build configuration list for PBXNativeTarget "Petra The Game" */;
			buildPhases = (
				DE6FDD6E2076246400BB664B /* Sources */,
				DE6FDD6F2076246400BB664B /* Frameworks */,
				DE6FDD702076246400BB664B /* Resources */,
			);
			buildRules = (
			);
			dependencies = (
			);
			name = "Petra The Game";
			productName = "Petra The Game";
			productReference = DE6FDD722076246400BB664B /* Petra The Game.app */;
			productType = "com.apple.product-type.application";
		};
/* End PBXNativeTarget section */

/* Begin PBXProject section */
		DE6FDD6A2076246400BB664B /* Project object */ = {
			isa = PBXProject;
			attributes = {
				LastSwiftUpdateCheck = 0930;
				LastUpgradeCheck = 0930;
				ORGANIZATIONNAME = "Thaynara Silva";
				TargetAttributes = {
					DE6FDD712076246400BB664B = {
						CreatedOnToolsVersion = 9.3;
					};
				};
			};
			buildConfigurationList = DE6FDD6D2076246400BB664B /* Build configuration list for PBXProject "Petra The Game" */;
			compatibilityVersion = "Xcode 9.3";
			developmentRegion = en;
			hasScannedForEncodings = 0;
			knownRegions = (
				en,
				Base,
			);
			mainGroup = DE6FDD692076246400BB664B;
			productRefGroup = DE6FDD732076246400BB664B /* Products */;
			projectDirPath = "";
			projectRoot = "";
			targets = (
				DE6FDD712076246400BB664B /* Petra The Game */,
			);
		};
/* End PBXProject section */

/* Begin PBXResourcesBuildPhase section */
		DE6FDD702076246400BB664B /* Resources */ = {
			isa = PBXResourcesBuildPhase;
			buildActionMask = 2147483647;
			files = (
				DE6FDD94207624B500BB664B /* Petra_1.png in Resources */,
				DED8BBE6207677AE0036635B /* Customiser.sks in Resources */,
				DE6FDD95207624B500BB664B /* Petra_2.png in Resources */,
				DED8BBE2207674A70036635B /* Information.sks in Resources */,
				DE6FDD93207624B500BB664B /* Petra_3.png in Resources */,
				DED8BBF02077E60F0036635B /* Petra_1_yellow.png in Resources */,
				DE6FDD812076246400BB664B /* Main.storyboard in Resources */,
				DED8BBEA207678530036635B /* Gameplay.sks in Resources */,
				DED8BBF22077E74E0036635B /* Petra_1_purple.png in Resources */,
				DED8BBF92078157B0036635B /* Petra_2_red.png in Resources */,
				DED8BBFD207818E10036635B /* Petra_3_yellow.png in Resources */,
				DED8BBFA2078157B0036635B /* Petra_3_red.png in Resources */,
				DE6FDD832076246500BB664B /* Assets.xcassets in Resources */,
				DED8BBFE207818E10036635B /* Petra_2_yellow.png in Resources */,
				DED8BBF42077F35A0036635B /* GameOver.sks in Resources */,
				DED8BBEE2077E3120036635B /* Petra_1_red.png in Resources */,
				DE6FDD97207624E900BB664B /* MainMenu.sks in Resources */,
				DE6FDD862076246500BB664B /* LaunchScreen.storyboard in Resources */,
				DED8BC0120781BAD0036635B /* Petra_3_purple.png in Resources */,
				DED8BC0220781BAD0036635B /* Petra_2_purple.png in Resources */,
				DE6FDD7A2076246400BB664B /* Actions.sks in Resources */,
			);
			runOnlyForDeploymentPostprocessing = 0;
		};
/* End PBXResourcesBuildPhase section */

/* Begin PBXSourcesBuildPhase section */
		DE6FDD6E2076246400BB664B /* Sources */ = {
			isa = PBXSourcesBuildPhase;
			buildActionMask = 2147483647;
			files = (
				DE6FDD99207624F700BB664B /* MainMenuScene.swift in Sources */,
				DED8BBE8207677BC0036635B /* CustomiserScene.swift in Sources */,
				DED8BBF62077F3750036635B /* GameOverScene.swift in Sources */,
				DED8BBE4207674BA0036635B /* InformationScene.swift in Sources */,
				DE6FDD7E2076246400BB664B /* GameViewController.swift in Sources */,
				DED8BBEC207678610036635B /* GameplayScene.swift in Sources */,
				DE6FDD762076246400BB664B /* AppDelegate.swift in Sources */,
			);
			runOnlyForDeploymentPostprocessing = 0;
		};
/* End PBXSourcesBuildPhase section */

/* Begin PBXVariantGroup section */
		DE6FDD7F2076246400BB664B /* Main.storyboard */ = {
			isa = PBXVariantGroup;
			children = (
				DE6FDD802076246400BB664B /* Base */,
			);
			name = Main.storyboard;
			sourceTree = "<group>";
		};
		DE6FDD842076246500BB664B /* LaunchScreen.storyboard */ = {
			isa = PBXVariantGroup;
			children = (
				DE6FDD852076246500BB664B /* Base */,
			);
			name = LaunchScreen.storyboard;
			sourceTree = "<group>";
		};
/* End PBXVariantGroup section */

/* Begin XCBuildConfiguration section */
		DE6FDD882076246500BB664B /* Debug */ = {
			isa = XCBuildConfiguration;
			buildSettings = {
				ALWAYS_SEARCH_USER_PATHS = NO;
				CLANG_ANALYZER_NONNULL = YES;
				CLANG_ANALYZER_NUMBER_OBJECT_CONVERSION = YES_AGGRESSIVE;
				CLANG_CXX_LANGUAGE_STANDARD = "gnu++14";
				CLANG_CXX_LIBRARY = "libc++";
				CLANG_ENABLE_MODULES = YES;
				CLANG_ENABLE_OBJC_ARC = YES;
				CLANG_ENABLE_OBJC_WEAK = YES;
				CLANG_WARN_BLOCK_CAPTURE_AUTORELEASING = YES;
				CLANG_WARN_BOOL_CONVERSION = YES;
				CLANG_WARN_COMMA = YES;
				CLANG_WARN_CONSTANT_CONVERSION = YES;
				CLANG_WARN_DEPRECATED_OBJC_IMPLEMENTATIONS = YES;
				CLANG_WARN_DIRECT_OBJC_ISA_USAGE = YES_ERROR;
				CLANG_WARN_DOCUMENTATION_COMMENTS = YES;
				CLANG_WARN_EMPTY_BODY = YES;
				CLANG_WARN_ENUM_CONVERSION = YES;
				CLANG_WARN_INFINITE_RECURSION = YES;
				CLANG_WARN_INT_CONVERSION = YES;
				CLANG_WARN_NON_LITERAL_NULL_CONVERSION = YES;
				CLANG_WARN_OBJC_IMPLICIT_RETAIN_SELF = YES;
				CLANG_WARN_OBJC_LITERAL_CONVERSION = YES;
				CLANG_WARN_OBJC_ROOT_CLASS = YES_ERROR;
				CLANG_WARN_RANGE_LOOP_ANALYSIS = YES;
				CLANG_WARN_STRICT_PROTOTYPES = YES;
				CLANG_WARN_SUSPICIOUS_MOVE = YES;
				CLANG_WARN_UNGUARDED_AVAILABILITY = YES_AGGRESSIVE;
				CLANG_WARN_UNREACHABLE_CODE = YES;
				CLANG_WARN__DUPLICATE_METHOD_MATCH = YES;
				CODE_SIGN_IDENTITY = "iPhone Developer";
				COPY_PHASE_STRIP = NO;
				DEBUG_INFORMATION_FORMAT = dwarf;
				ENABLE_STRICT_OBJC_MSGSEND = YES;
				ENABLE_TESTABILITY = YES;
				GCC_C_LANGUAGE_STANDARD = gnu11;
				GCC_DYNAMIC_NO_PIC = NO;
				GCC_NO_COMMON_BLOCKS = YES;
				GCC_OPTIMIZATION_LEVEL = 0;
				GCC_PREPROCESSOR_DEFINITIONS = (
					"DEBUG=1",
					"$(inherited)",
				);
				GCC_WARN_64_TO_32_BIT_CONVERSION = YES;
				GCC_WARN_ABOUT_RETURN_TYPE = YES_ERROR;
				GCC_WARN_UNDECLARED_SELECTOR = YES;
				GCC_WARN_UNINITIALIZED_AUTOS = YES_AGGRESSIVE;
				GCC_WARN_UNUSED_FUNCTION = YES;
				GCC_WARN_UNUSED_VARIABLE = YES;
				IPHONEOS_DEPLOYMENT_TARGET = 11.3;
				MTL_ENABLE_DEBUG_INFO = YES;
				ONLY_ACTIVE_ARCH = YES;
				SDKROOT = iphoneos;
				SWIFT_ACTIVE_COMPILATION_CONDITIONS = DEBUG;
				SWIFT_OPTIMIZATION_LEVEL = "-Onone";
			};
			name = Debug;
		};
		DE6FDD892076246500BB664B /* Release */ = {
			isa = XCBuildConfiguration;
			buildSettings = {
				ALWAYS_SEARCH_USER_PATHS = NO;
				CLANG_ANALYZER_NONNULL = YES;
				CLANG_ANALYZER_NUMBER_OBJECT_CONVERSION = YES_AGGRESSIVE;
				CLANG_CXX_LANGUAGE_STANDARD = "gnu++14";
				CLANG_CXX_LIBRARY = "libc++";
				CLANG_ENABLE_MODULES = YES;
				CLANG_ENABLE_OBJC_ARC = YES;
				CLANG_ENABLE_OBJC_WEAK = YES;
				CLANG_WARN_BLOCK_CAPTURE_AUTORELEASING = YES;
				CLANG_WARN_BOOL_CONVERSION = YES;
				CLANG_WARN_COMMA = YES;
				CLANG_WARN_CONSTANT_CONVERSION = YES;
				CLANG_WARN_DEPRECATED_OBJC_IMPLEMENTATIONS = YES;
				CLANG_WARN_DIRECT_OBJC_ISA_USAGE = YES_ERROR;
				CLANG_WARN_DOCUMENTATION_COMMENTS = YES;
				CLANG_WARN_EMPTY_BODY = YES;
				CLANG_WARN_ENUM_CONVERSION = YES;
				CLANG_WARN_INFINITE_RECURSION = YES;
				CLANG_WARN_INT_CONVERSION = YES;
				CLANG_WARN_NON_LITERAL_NULL_CONVERSION = YES;
				CLANG_WARN_OBJC_IMPLICIT_RETAIN_SELF = YES;
				CLANG_WARN_OBJC_LITERAL_CONVERSION = YES;
				CLANG_WARN_OBJC_ROOT_CLASS = YES_ERROR;
				CLANG_WARN_RANGE_LOOP_ANALYSIS = YES;
				CLANG_WARN_STRICT_PROTOTYPES = YES;
				CLANG_WARN_SUSPICIOUS_MOVE = YES;
				CLANG_WARN_UNGUARDED_AVAILABILITY = YES_AGGRESSIVE;
				CLANG_WARN_UNREACHABLE_CODE = YES;
				CLANG_WARN__DUPLICATE_METHOD_MATCH = YES;
				CODE_SIGN_IDENTITY = "iPhone Developer";
				COPY_PHASE_STRIP = NO;
				DEBUG_INFORMATION_FORMAT = "dwarf-with-dsym";
				ENABLE_NS_ASSERTIONS = NO;
				ENABLE_STRICT_OBJC_MSGSEND = YES;
				GCC_C_LANGUAGE_STANDARD = gnu11;
				GCC_NO_COMMON_BLOCKS = YES;
				GCC_WARN_64_TO_32_BIT_CONVERSION = YES;
				GCC_WARN_ABOUT_RETURN_TYPE = YES_ERROR;
				GCC_WARN_UNDECLARED_SELECTOR = YES;
				GCC_WARN_UNINITIALIZED_AUTOS = YES_AGGRESSIVE;
				GCC_WARN_UNUSED_FUNCTION = YES;
				GCC_WARN_UNUSED_VARIABLE = YES;
				IPHONEOS_DEPLOYMENT_TARGET = 11.3;
				MTL_ENABLE_DEBUG_INFO = NO;
				SDKROOT = iphoneos;
				SWIFT_COMPILATION_MODE = wholemodule;
				SWIFT_OPTIMIZATION_LEVEL = "-O";
				VALIDATE_PRODUCT = YES;
			};
			name = Release;
		};
		DE6FDD8B2076246500BB664B /* Debug */ = {
			isa = XCBuildConfiguration;
			buildSettings = {
				ASSETCATALOG_COMPILER_APPICON_NAME = AppIcon;
				CODE_SIGN_STYLE = Automatic;
				DEVELOPMENT_TEAM = GK4GB9Y79G;
				INFOPLIST_FILE = "Petra The Game/Info.plist";
				IPHONEOS_DEPLOYMENT_TARGET = 11.0;
				LD_RUNPATH_SEARCH_PATHS = (
					"$(inherited)",
					"@executable_path/Frameworks",
				);
				PRODUCT_BUNDLE_IDENTIFIER = "thaySilva.Petra-The-Game";
				PRODUCT_NAME = "$(TARGET_NAME)";
				SWIFT_VERSION = 4.0;
				TARGETED_DEVICE_FAMILY = "1,2";
			};
			name = Debug;
		};
		DE6FDD8C2076246500BB664B /* Release */ = {
			isa = XCBuildConfiguration;
			buildSettings = {
				ASSETCATALOG_COMPILER_APPICON_NAME = AppIcon;
				CODE_SIGN_STYLE = Automatic;
				DEVELOPMENT_TEAM = GK4GB9Y79G;
				INFOPLIST_FILE = "Petra The Game/Info.plist";
				IPHONEOS_DEPLOYMENT_TARGET = 11.0;
				LD_RUNPATH_SEARCH_PATHS = (
					"$(inherited)",
					"@executable_path/Frameworks",
				);
				PRODUCT_BUNDLE_IDENTIFIER = "thaySilva.Petra-The-Game";
				PRODUCT_NAME = "$(TARGET_NAME)";
				SWIFT_VERSION = 4.0;
				TARGETED_DEVICE_FAMILY = "1,2";
			};
			name = Release;
		};
/* End XCBuildConfiguration section */

/* Begin XCConfigurationList section */
		DE6FDD6D2076246400BB664B /* Build configuration list for PBXProject "Petra The Game" */ = {
			isa = XCConfigurationList;
			buildConfigurations = (
				DE6FDD882076246500BB664B /* Debug */,
				DE6FDD892076246500BB664B /* Release */,
			);
			defaultConfigurationIsVisible = 0;
			defaultConfigurationName = Release;
		};
		DE6FDD8A2076246500BB664B /* Build configuration list for PBXNativeTarget "Petra The Game" */ = {
			isa = XCConfigurationList;
			buildConfigurations = (
				DE6FDD8B2076246500BB664B /* Debug */,
				DE6FDD8C2076246500BB664B /* Release */,
			);
			defaultConfigurationIsVisible = 0;
			defaultConfigurationName = Release;
		};
/* End XCConfigurationList section */
	};
	rootObject = DE6FDD6A2076246400BB664B /* Project object */;
}
